{
  "name": "main-repo",
  "version": "1.0.0",
  "lockfileVersion": 3,
  "requires": true,
  "packages": {
    "": {
      "name": "main-repo",
      "version": "1.0.0",
      "license": "ISC",
      "dependencies": {
        "snasa": "github:dangh/snasa"
      }
    },
    "node_modules/snasa": {
      "version": "1.0.0",
      "resolved": "git+ssh://git@github.com/dangh/snasa.git#f829ea77e2d9029214e40bf3697f9cf92cdf0c8f",
      "license": "ISC"
    }
  }
}
